
Microsoft Visual Studio Solution File, Format Version 12.00
# Visual Studio Version 17
VisualStudioVersion = 17.14.36511.14 d17.14
MinimumVisualStudioVersion = 10.0.40219.1
Project("{FAE04EC0-301F-11D3-BF4B-00C04F79EFBC}") = "Atividade de calcular frete", "Atividade de calcular frete\Atividade de calcular frete.csproj", "{1C2CAFA6-49D9-4930-9921-ACEF65F148F2}"
EndProject
Global
	GlobalSection(SolutionConfigurationPlatforms) = preSolution
		Debug|Any CPU = Debug|Any CPU
		Release|Any CPU = Release|Any CPU
	EndGlobalSection
	GlobalSection(ProjectConfigurationPlatforms) = postSolution
		{1C2CAFA6-49D9-4930-9921-ACEF65F148F2}.Debug|Any CPU.ActiveCfg = Debug|Any CPU
		{1C2CAFA6-49D9-4930-9921-ACEF65F148F2}.Debug|Any CPU.Build.0 = Debug|Any CPU
		{1C2CAFA6-49D9-4930-9921-ACEF65F148F2}.Release|Any CPU.ActiveCfg = Release|Any CPU
		{1C2CAFA6-49D9-4930-9921-ACEF65F148F2}.Release|Any CPU.Build.0 = Release|Any CPU
	EndGlobalSection
	GlobalSection(SolutionProperties) = preSolution
		HideSolutionNode = FALSE
	EndGlobalSection
	GlobalSection(ExtensibilityGlobals) = postSolution
		SolutionGuid = {E0F780D0-E01F-49E7-9D1C-76776147B1C6}
	EndGlobalSection
EndGlobal
